
Microsoft Visual Studio Solution File, Format Version 12.00
# Visual Studio Version 17
VisualStudioVersion = 17.7.34221.43
MinimumVisualStudioVersion = 10.0.40219.1
Project("{9A19103F-16F7-4668-BE54-9A1E7A4F7556}") = "MarketAPI", "MarketAPI\MarketAPI.csproj", "{6B87ED96-8495-4F6D-91AE-7BF99476F636}"
EndProject
Project("{FAE04EC0-301F-11D3-BF4B-00C04F79EFBC}") = "MarketAPI.UnitTests", "MarketAPI.UnitTests\MarketAPI.UnitTests.csproj", "{6CF86E1E-879E-491E-A513-B7BB48477A21}"
EndProject
Global
	GlobalSection(SolutionConfigurationPlatforms) = preSolution
		Debug|Any CPU = Debug|Any CPU
		Release|Any CPU = Release|Any CPU
	EndGlobalSection
	GlobalSection(ProjectConfigurationPlatforms) = postSolution
		{6B87ED96-8495-4F6D-91AE-7BF99476F636}.Debug|Any CPU.ActiveCfg = Debug|Any CPU
		{6B87ED96-8495-4F6D-91AE-7BF99476F636}.Debug|Any CPU.Build.0 = Debug|Any CPU
		{6B87ED96-8495-4F6D-91AE-7BF99476F636}.Release|Any CPU.ActiveCfg = Release|Any CPU
		{6B87ED96-8495-4F6D-91AE-7BF99476F636}.Release|Any CPU.Build.0 = Release|Any CPU
		{6CF86E1E-879E-491E-A513-B7BB48477A21}.Debug|Any CPU.ActiveCfg = Debug|Any CPU
		{6CF86E1E-879E-491E-A513-B7BB48477A21}.Debug|Any CPU.Build.0 = Debug|Any CPU
		{6CF86E1E-879E-491E-A513-B7BB48477A21}.Release|Any CPU.ActiveCfg = Release|Any CPU
		{6CF86E1E-879E-491E-A513-B7BB48477A21}.Release|Any CPU.Build.0 = Release|Any CPU
	EndGlobalSection
	GlobalSection(SolutionProperties) = preSolution
		HideSolutionNode = FALSE
	EndGlobalSection
	GlobalSection(ExtensibilityGlobals) = postSolution
		SolutionGuid = {5064FB17-011E-4F25-BF9C-7D4E94FDD7B0}
	EndGlobalSection
EndGlobal
